// !$*UTF8*$!
{
	archiveVersion = 1;
	classes = {
	};
	objectVersion = 50;
	objects = {

/* Begin PBXBuildFile section */
		122590BC22AFA0A400B8947B /* AppDelegate.swift in Sources */ = {isa = PBXBuildFile; fileRef = 122590BB22AFA0A400B8947B /* AppDelegate.swift */; };
		122590BE22AFA0A400B8947B /* ViewController.swift in Sources */ = {isa = PBXBuildFile; fileRef = 122590BD22AFA0A400B8947B /* ViewController.swift */; };
		122590C122AFA0A400B8947B /* Main.storyboard in Resources */ = {isa = PBXBuildFile; fileRef = 122590BF22AFA0A400B8947B /* Main.storyboard */; };
		122590C422AFA0A400B8947B /* AVKitDemo.xcdatamodeld in Sources */ = {isa = PBXBuildFile; fileRef = 122590C222AFA0A400B8947B /* AVKitDemo.xcdatamodeld */; };
		122590C622AFA0A700B8947B /* Assets.xcassets in Resources */ = {isa = PBXBuildFile; fileRef = 122590C522AFA0A700B8947B /* Assets.xcassets */; };
		122590C922AFA0A700B8947B /* LaunchScreen.storyboard in Resources */ = {isa = PBXBuildFile; fileRef = 122590C722AFA0A700B8947B /* LaunchScreen.storyboard */; };
		122590D322AFD33B00B8947B /* video.mp4 in Resources */ = {isa = PBXBuildFile; fileRef = 122590D222AFD33500B8947B /* video.mp4 */; };
/* End PBXBuildFile section */

/* Begin PBXFileReference section */
		122590B822AFA0A300B8947B /* AVKitDemo.app */ = {isa = PBXFileReference; explicitFileType = wrapper.application; includeInIndex = 0; path = AVKitDemo.app; sourceTree = BUILT_PRODUCTS_DIR; };
		122590BB22AFA0A400B8947B /* AppDelegate.swift */ = {isa = PBXFileReference; lastKnownFileType = sourcecode.swift; path = AppDelegate.swift; sourceTree = "<group>"; };
		122590BD22AFA0A400B8947B /* ViewController.swift */ = {isa = PBXFileReference; lastKnownFileType = sourcecode.swift; path = ViewController.swift; sourceTree = "<group>"; };
		122590C022AFA0A400B8947B /* Base */ = {isa = PBXFileReference; lastKnownFileType = file.storyboard; name = Base; path = Base.lproj/Main.storyboard; sourceTree = "<group>"; };
		122590C322AFA0A400B8947B /* AVKitDemo.xcdatamodel */ = {isa = PBXFileReference; lastKnownFileType = wrapper.xcdatamodel; path = AVKitDemo.xcdatamodel; sourceTree = "<group>"; };
		122590C522AFA0A700B8947B /* Assets.xcassets */ = {isa = PBXFileReference; lastKnownFileType = folder.assetcatalog; path = Assets.xcassets; sourceTree = "<group>"; };
		122590C822AFA0A700B8947B /* Base */ = {isa = PBXFileReference; lastKnownFileType = file.storyboard; name = Base; path = Base.lproj/LaunchScreen.storyboard; sourceTree = "<group>"; };
		122590CA22AFA0A700B8947B /* Info.plist */ = {isa = PBXFileReference; lastKnownFileType = text.plist.xml; path = Info.plist; sourceTree = "<group>"; };
		122590D222AFD33500B8947B /* video.mp4 */ = {isa = PBXFileReference; lastKnownFileType = file; path = video.mp4; sourceTree = "<group>"; };
/* End PBXFileReference section */

/* Begin PBXFrameworksBuildPhase section */
		122590B522AFA0A300B8947B /* Frameworks */ = {
			isa = PBXFrameworksBuildPhase;
			buildActionMask = 2147483647;
			files = (
			);
			runOnlyForDeploymentPostprocessing = 0;
		};
/* End PBXFrameworksBuildPhase section */

/* Begin PBXGroup section */
		122590AF22AFA0A300B8947B = {
			isa = PBXGroup;
			children = (
				122590BA22AFA0A300B8947B /* AVKitDemo */,
				122590B922AFA0A300B8947B /* Products */,
			);
			sourceTree = "<group>";
		};
		122590B922AFA0A300B8947B /* Products */ = {
			isa = PBXGroup;
			children = (
				122590B822AFA0A300B8947B /* AVKitDemo.app */,
			);
			name = Products;
			sourceTree = "<group>";
		};
		122590BA22AFA0A300B8947B /* AVKitDemo */ = {
			isa = PBXGroup;
			children = (
				122590D222AFD33500B8947B /* video.mp4 */,
				122590BB22AFA0A400B8947B /* AppDelegate.swift */,
				122590BD22AFA0A400B8947B /* ViewController.swift */,
				122590BF22AFA0A400B8947B /* Main.storyboard */,
				122590C522AFA0A700B8947B /* Assets.xcassets */,
				122590C722AFA0A700B8947B /* LaunchScreen.storyboard */,
				122590CA22AFA0A700B8947B /* Info.plist */,
				122590C222AFA0A400B8947B /* AVKitDemo.xcdatamodeld */,
			);
			path = AVKitDemo;
			sourceTree = "<group>";
		};
/* End PBXGroup section */

/* Begin PBXNativeTarget section */
		122590B722AFA0A300B8947B /* AVKitDemo */ = {
			isa = PBXNativeTarget;
			buildConfigurationList = 122590CD22AFA0A700B8947B /* Build configuration list for PBXNativeTarget "AVKitDemo" */;
			buildPhases = (
				122590B422AFA0A300B8947B /* Sources */,
				122590B522AFA0A300B8947B /* Frameworks */,
				122590B622AFA0A300B8947B /* Resources */,
			);
			buildRules = (
			);
			dependencies = (
			);
			name = AVKitDemo;
			productName = AVKitDemo;
			productReference = 122590B822AFA0A300B8947B /* AVKitDemo.app */;
			productType = "com.apple.product-type.application";
		};
/* End PBXNativeTarget section */

/* Begin PBXProject section */
		122590B022AFA0A300B8947B /* Project object */ = {
			isa = PBXProject;
			attributes = {
				LastSwiftUpdateCheck = 1010;
				LastUpgradeCheck = 1010;
				ORGANIZATIONNAME = "Amandeep Singh";
				TargetAttributes = {
					122590B722AFA0A300B8947B = {
						CreatedOnToolsVersion = 10.1;
					};
				};
			};
			buildConfigurationList = 122590B322AFA0A300B8947B /* Build configuration list for PBXProject "AVKitDemo" */;
			compatibilityVersion = "Xcode 9.3";
			developmentRegion = en;
			hasScannedForEncodings = 0;
			knownRegions = (
				en,
				Base,
			);
			mainGroup = 122590AF22AFA0A300B8947B;
			productRefGroup = 122590B922AFA0A300B8947B /* Products */;
			projectDirPath = "";
			projectRoot = "";
			targets = (
				122590B722AFA0A300B8947B /* AVKitDemo */,
			);
		};
/* End PBXProject section */

/* Begin PBXResourcesBuildPhase section */
		122590B622AFA0A300B8947B /* Resources */ = {
			isa = PBXResourcesBuildPhase;
			buildActionMask = 2147483647;
			files = (
				122590C922AFA0A700B8947B /* LaunchScreen.storyboard in Resources */,
				122590C622AFA0A700B8947B /* Assets.xcassets in Resources */,
				122590C122AFA0A400B8947B /* Main.storyboard in Resources */,
				122590D322AFD33B00B8947B /* video.mp4 in Resources */,
			);
			runOnlyForDeploymentPostprocessing = 0;
		};
/* End PBXResourcesBuildPhase section */

/* Begin PBXSourcesBuildPhase section */
		122590B422AFA0A300B8947B /* Sources */ = {
			isa = PBXSourcesBuildPhase;
			buildActionMask = 2147483647;
			files = (
				122590C422AFA0A400B8947B /* AVKitDemo.xcdatamodeld in Sources */,
				122590BE22AFA0A400B8947B /* ViewController.swift in Sources */,
				122590BC22AFA0A400B8947B /* AppDelegate.swift in Sources */,
			);
			runOnlyForDeploymentPostprocessing = 0;
		};
/* End PBXSourcesBuildPhase section */

/* Begin PBXVariantGroup section */
		122590BF22AFA0A400B8947B /* Main.storyboard */ = {
			isa = PBXVariantGroup;
			children = (
				122590C022AFA0A400B8947B /* Base */,
			);
			name = Main.storyboard;
			sourceTree = "<group>";
		};
		122590C722AFA0A700B8947B /* LaunchScreen.storyboard */ = {
			isa = PBXVariantGroup;
			children = (
				122590C822AFA0A700B8947B /* Base */,
			);
			name = LaunchScreen.storyboard;
			sourceTree = "<group>";
		};
/* End PBXVariantGroup section */

/* Begin XCBuildConfiguration section */
		122590CB22AFA0A700B8947B /* Debug */ = {
			isa = XCBuildConfiguration;
			buildSettings = {
				ALWAYS_SEARCH_USER_PATHS = NO;
				CLANG_ANALYZER_NONNULL = YES;
				CLANG_ANALYZER_NUMBER_OBJECT_CONVERSION = YES_AGGRESSIVE;
				CLANG_CXX_LANGUAGE_STANDARD = "gnu++14";
				CLANG_CXX_LIBRARY = "libc++";
				CLANG_ENABLE_MODULES = YES;
				CLANG_ENABLE_OBJC_ARC = YES;
				CLANG_ENABLE_OBJC_WEAK = YES;
				CLANG_WARN_BLOCK_CAPTURE_AUTORELEASING = YES;
				CLANG_WARN_BOOL_CONVERSION = YES;
				CLANG_WARN_COMMA = YES;
				CLANG_WARN_CONSTANT_CONVERSION = YES;
				CLANG_WARN_DEPRECATED_OBJC_IMPLEMENTATIONS = YES;
				CLANG_WARN_DIRECT_OBJC_ISA_USAGE = YES_ERROR;
				CLANG_WARN_DOCUMENTATION_COMMENTS = YES;
				CLANG_WARN_EMPTY_BODY = YES;
				CLANG_WARN_ENUM_CONVERSION = YES;
				CLANG_WARN_INFINITE_RECURSION = YES;
				CLANG_WARN_INT_CONVERSION = YES;
				CLANG_WARN_NON_LITERAL_NULL_CONVERSION = YES;
				CLANG_WARN_OBJC_IMPLICIT_RETAIN_SELF = YES;
				CLANG_WARN_OBJC_LITERAL_CONVERSION = YES;
				CLANG_WARN_OBJC_ROOT_CLASS = YES_ERROR;
				CLANG_WARN_RANGE_LOOP_ANALYSIS = YES;
				CLANG_WARN_STRICT_PROTOTYPES = YES;
				CLANG_WARN_SUSPICIOUS_MOVE = YES;
				CLANG_WARN_UNGUARDED_AVAILABILITY = YES_AGGRESSIVE;
				CLANG_WARN_UNREACHABLE_CODE = YES;
				CLANG_WARN__DUPLICATE_METHOD_MATCH = YES;
				CODE_SIGN_IDENTITY = "iPhone Developer";
				COPY_PHASE_STRIP = NO;
				DEBUG_INFORMATION_FORMAT = dwarf;
				ENABLE_STRICT_OBJC_MSGSEND = YES;
				ENABLE_TESTABILITY = YES;
				GCC_C_LANGUAGE_STANDARD = gnu11;
				GCC_DYNAMIC_NO_PIC = NO;
				GCC_NO_COMMON_BLOCKS = YES;
				GCC_OPTIMIZATION_LEVEL = 0;
				GCC_PREPROCESSOR_DEFINITIONS = (
					"DEBUG=1",
					"$(inherited)",
				);
				GCC_WARN_64_TO_32_BIT_CONVERSION = YES;
				GCC_WARN_ABOUT_RETURN_TYPE = YES_ERROR;
				GCC_WARN_UNDECLARED_SELECTOR = YES;
				GCC_WARN_UNINITIALIZED_AUTOS = YES_AGGRESSIVE;
				GCC_WARN_UNUSED_FUNCTION = YES;
				GCC_WARN_UNUSED_VARIABLE = YES;
				IPHONEOS_DEPLOYMENT_TARGET = 12.1;
				MTL_ENABLE_DEBUG_INFO = INCLUDE_SOURCE;
				MTL_FAST_MATH = YES;
				ONLY_ACTIVE_ARCH = YES;
				SDKROOT = iphoneos;
				SWIFT_ACTIVE_COMPILATION_CONDITIONS = DEBUG;
				SWIFT_OPTIMIZATION_LEVEL = "-Onone";
			};
			name = Debug;
		};
		122590CC22AFA0A700B8947B /* Release */ = {
			isa = XCBuildConfiguration;
			buildSettings = {
				ALWAYS_SEARCH_USER_PATHS = NO;
				CLANG_ANALYZER_NONNULL = YES;
				CLANG_ANALYZER_NUMBER_OBJECT_CONVERSION = YES_AGGRESSIVE;
				CLANG_CXX_LANGUAGE_STANDARD = "gnu++14";
				CLANG_CXX_LIBRARY = "libc++";
				CLANG_ENABLE_MODULES = YES;
				CLANG_ENABLE_OBJC_ARC = YES;
				CLANG_ENABLE_OBJC_WEAK = YES;
				CLANG_WARN_BLOCK_CAPTURE_AUTORELEASING = YES;
				CLANG_WARN_BOOL_CONVERSION = YES;
				CLANG_WARN_COMMA = YES;
				CLANG_WARN_CONSTANT_CONVERSION = YES;
				CLANG_WARN_DEPRECATED_OBJC_IMPLEMENTATIONS = YES;
				CLANG_WARN_DIRECT_OBJC_ISA_USAGE = YES_ERROR;
				CLANG_WARN_DOCUMENTATION_COMMENTS = YES;
				CLANG_WARN_EMPTY_BODY = YES;
				CLANG_WARN_ENUM_CONVERSION = YES;
				CLANG_WARN_INFINITE_RECURSION = YES;
				CLANG_WARN_INT_CONVERSION = YES;
				CLANG_WARN_NON_LITERAL_NULL_CONVERSION = YES;
				CLANG_WARN_OBJC_IMPLICIT_RETAIN_SELF = YES;
				CLANG_WARN_OBJC_LITERAL_CONVERSION = YES;
				CLANG_WARN_OBJC_ROOT_CLASS = YES_ERROR;
				CLANG_WARN_RANGE_LOOP_ANALYSIS = YES;
				CLANG_WARN_STRICT_PROTOTYPES = YES;
				CLANG_WARN_SUSPICIOUS_MOVE = YES;
				CLANG_WARN_UNGUARDED_AVAILABILITY = YES_AGGRESSIVE;
				CLANG_WARN_UNREACHABLE_CODE = YES;
				CLANG_WARN__DUPLICATE_METHOD_MATCH = YES;
				CODE_SIGN_IDENTITY = "iPhone Developer";
				COPY_PHASE_STRIP = NO;
				DEBUG_INFORMATION_FORMAT = "dwarf-with-dsym";
				ENABLE_NS_ASSERTIONS = NO;
				ENABLE_STRICT_OBJC_MSGSEND = YES;
				GCC_C_LANGUAGE_STANDARD = gnu11;
				GCC_NO_COMMON_BLOCKS = YES;
				GCC_WARN_64_TO_32_BIT_CONVERSION = YES;
				GCC_WARN_ABOUT_RETURN_TYPE = YES_ERROR;
				GCC_WARN_UNDECLARED_SELECTOR = YES;
				GCC_WARN_UNINITIALIZED_AUTOS = YES_AGGRESSIVE;
				GCC_WARN_UNUSED_FUNCTION = YES;
				GCC_WARN_UNUSED_VARIABLE = YES;
				IPHONEOS_DEPLOYMENT_TARGET = 12.1;
				MTL_ENABLE_DEBUG_INFO = NO;
				MTL_FAST_MATH = YES;
				SDKROOT = iphoneos;
				SWIFT_COMPILATION_MODE = wholemodule;
				SWIFT_OPTIMIZATION_LEVEL = "-O";
				VALIDATE_PRODUCT = YES;
			};
			name = Release;
		};
		122590CE22AFA0A700B8947B /* Debug */ = {
			isa = XCBuildConfiguration;
			buildSettings = {
				ASSETCATALOG_COMPILER_APPICON_NAME = AppIcon;
				CODE_SIGN_STYLE = Automatic;
				INFOPLIST_FILE = AVKitDemo/Info.plist;
				LD_RUNPATH_SEARCH_PATHS = (
					"$(inherited)",
					"@executable_path/Frameworks",
				);
				PRODUCT_BUNDLE_IDENTIFIER = com.aman.AVKitDemo;
				PRODUCT_NAME = "$(TARGET_NAME)";
				SWIFT_VERSION = 4.2;
				TARGETED_DEVICE_FAMILY = "1,2";
			};
			name = Debug;
		};
		122590CF22AFA0A700B8947B /* Release */ = {
			isa = XCBuildConfiguration;
			buildSettings = {
				ASSETCATALOG_COMPILER_APPICON_NAME = AppIcon;
				CODE_SIGN_STYLE = Automatic;
				INFOPLIST_FILE = AVKitDemo/Info.plist;
				LD_RUNPATH_SEARCH_PATHS = (
					"$(inherited)",
					"@executable_path/Frameworks",
				);
				PRODUCT_BUNDLE_IDENTIFIER = com.aman.AVKitDemo;
				PRODUCT_NAME = "$(TARGET_NAME)";
				SWIFT_VERSION = 4.2;
				TARGETED_DEVICE_FAMILY = "1,2";
			};
			name = Release;
		};
/* End XCBuildConfiguration section */

/* Begin XCConfigurationList section */
		122590B322AFA0A300B8947B /* Build configuration list for PBXProject "AVKitDemo" */ = {
			isa = XCConfigurationList;
			buildConfigurations = (
				122590CB22AFA0A700B8947B /* Debug */,
				122590CC22AFA0A700B8947B /* Release */,
			);
			defaultConfigurationIsVisible = 0;
			defaultConfigurationName = Release;
		};
		122590CD22AFA0A700B8947B /* Build configuration list for PBXNativeTarget "AVKitDemo" */ = {
			isa = XCConfigurationList;
			buildConfigurations = (
				122590CE22AFA0A700B8947B /* Debug */,
				122590CF22AFA0A700B8947B /* Release */,
			);
			defaultConfigurationIsVisible = 0;
			defaultConfigurationName = Release;
		};
/* End XCConfigurationList section */

/* Begin XCVersionGroup section */
		122590C222AFA0A400B8947B /* AVKitDemo.xcdatamodeld */ = {
			isa = XCVersionGroup;
			children = (
				122590C322AFA0A400B8947B /* AVKitDemo.xcdatamodel */,
			);
			currentVersion = 122590C322AFA0A400B8947B /* AVKitDemo.xcdatamodel */;
			path = AVKitDemo.xcdatamodeld;
			sourceTree = "<group>";
			versionGroupType = wrapper.xcdatamodel;
		};
/* End XCVersionGroup section */
	};
	rootObject = 122590B022AFA0A300B8947B /* Project object */;
}
